
Microsoft Visual Studio Solution File, Format Version 11.00
# Visual Studio 2010
Project("{2150E333-8FDC-42A3-9474-1A3956D46DE8}") = "Vendor", "Vendor", "{403D5A4E-2ADC-42A9-B957-9C089564F5C4}"
EndProject
Project("{FAE04EC0-301F-11D3-BF4B-00C04F79EFBC}") = "AWSSDKSrc", "modules\AWSSDKforNET-extended\AWSSDKSrc.csproj", "{40E91E2D-70F3-463D-9E3E-408AE2A70BA8}"
EndProject
Project("{FAE04EC0-301F-11D3-BF4B-00C04F79EFBC}") = "GoGrid", "modules\gogridapisdk\Trunk\GoGrid\GoGrid\GoGrid.csproj", "{B0E274C8-2977-42D9-83AE-8E3A32E3FD24}"
EndProject
Project("{FAE04EC0-301F-11D3-BF4B-00C04F79EFBC}") = "com.gogrid.api", "modules\gogridapisdk\Trunk\Prototypes\com.gogrid.api\com.gogrid.api.csproj", "{8E890F3E-06B0-4738-B830-C61682C288F2}"
EndProject
Project("{2150E333-8FDC-42A3-9474-1A3956D46DE8}") = "Solution Items", "Solution Items", "{3CF04885-BE7F-47D0-AE20-32762FA9B01C}"
EndProject
Project("{FAE04EC0-301F-11D3-BF4B-00C04F79EFBC}") = "MCloud", "MCloud\MCloud.csproj", "{37987133-B5D5-4B8F-9F0F-55C80787E821}"
EndProject
Project("{FAE04EC0-301F-11D3-BF4B-00C04F79EFBC}") = "samples", "samples\create\samples.csproj", "{AAA7F880-8583-42FF-B1C2-7645D19F0308}"
EndProject
Project("{FAE04EC0-301F-11D3-BF4B-00C04F79EFBC}") = "MCloud.Console", "MCloud.Console\MCloud.Console.csproj", "{9A40BB87-39CC-4862-A8E7-E92DA2878368}"
EndProject
Project("{FAE04EC0-301F-11D3-BF4B-00C04F79EFBC}") = "MCloud.Test", "MCloud.Test\MCloud.Test.csproj", "{AB76B213-0B1E-4AF9-A67E-F6CEA4F39A5B}"
EndProject
Global
	GlobalSection(SolutionConfigurationPlatforms) = preSolution
		Debug|Any CPU = Debug|Any CPU
		Debug|Mixed Platforms = Debug|Mixed Platforms
		Debug|x86 = Debug|x86
		Release|Any CPU = Release|Any CPU
		Release|Mixed Platforms = Release|Mixed Platforms
		Release|x86 = Release|x86
	EndGlobalSection
	GlobalSection(ProjectConfigurationPlatforms) = postSolution
		{37987133-B5D5-4B8F-9F0F-55C80787E821}.Debug|Any CPU.ActiveCfg = Debug|x86
		{37987133-B5D5-4B8F-9F0F-55C80787E821}.Debug|Mixed Platforms.ActiveCfg = Debug|x86
		{37987133-B5D5-4B8F-9F0F-55C80787E821}.Debug|Mixed Platforms.Build.0 = Debug|x86
		{37987133-B5D5-4B8F-9F0F-55C80787E821}.Debug|x86.ActiveCfg = Debug|x86
		{37987133-B5D5-4B8F-9F0F-55C80787E821}.Debug|x86.Build.0 = Debug|x86
		{37987133-B5D5-4B8F-9F0F-55C80787E821}.Release|Any CPU.ActiveCfg = Release|x86
		{37987133-B5D5-4B8F-9F0F-55C80787E821}.Release|Mixed Platforms.ActiveCfg = Release|x86
		{37987133-B5D5-4B8F-9F0F-55C80787E821}.Release|Mixed Platforms.Build.0 = Release|x86
		{37987133-B5D5-4B8F-9F0F-55C80787E821}.Release|x86.ActiveCfg = Release|x86
		{37987133-B5D5-4B8F-9F0F-55C80787E821}.Release|x86.Build.0 = Release|x86
		{40E91E2D-70F3-463D-9E3E-408AE2A70BA8}.Debug|Any CPU.ActiveCfg = Debug|Any CPU
		{40E91E2D-70F3-463D-9E3E-408AE2A70BA8}.Debug|Any CPU.Build.0 = Debug|Any CPU
		{40E91E2D-70F3-463D-9E3E-408AE2A70BA8}.Debug|Mixed Platforms.ActiveCfg = Debug|Any CPU
		{40E91E2D-70F3-463D-9E3E-408AE2A70BA8}.Debug|Mixed Platforms.Build.0 = Debug|Any CPU
		{40E91E2D-70F3-463D-9E3E-408AE2A70BA8}.Debug|x86.ActiveCfg = Debug|Any CPU
		{40E91E2D-70F3-463D-9E3E-408AE2A70BA8}.Release|Any CPU.ActiveCfg = Release|Any CPU
		{40E91E2D-70F3-463D-9E3E-408AE2A70BA8}.Release|Any CPU.Build.0 = Release|Any CPU
		{40E91E2D-70F3-463D-9E3E-408AE2A70BA8}.Release|Mixed Platforms.ActiveCfg = Release|Any CPU
		{40E91E2D-70F3-463D-9E3E-408AE2A70BA8}.Release|Mixed Platforms.Build.0 = Release|Any CPU
		{40E91E2D-70F3-463D-9E3E-408AE2A70BA8}.Release|x86.ActiveCfg = Release|Any CPU
		{8E890F3E-06B0-4738-B830-C61682C288F2}.Debug|Any CPU.ActiveCfg = Debug|Any CPU
		{8E890F3E-06B0-4738-B830-C61682C288F2}.Debug|Any CPU.Build.0 = Debug|Any CPU
		{8E890F3E-06B0-4738-B830-C61682C288F2}.Debug|Mixed Platforms.ActiveCfg = Debug|Any CPU
		{8E890F3E-06B0-4738-B830-C61682C288F2}.Debug|Mixed Platforms.Build.0 = Debug|Any CPU
		{8E890F3E-06B0-4738-B830-C61682C288F2}.Debug|x86.ActiveCfg = Debug|Any CPU
		{8E890F3E-06B0-4738-B830-C61682C288F2}.Release|Any CPU.ActiveCfg = Release|Any CPU
		{8E890F3E-06B0-4738-B830-C61682C288F2}.Release|Any CPU.Build.0 = Release|Any CPU
		{8E890F3E-06B0-4738-B830-C61682C288F2}.Release|Mixed Platforms.ActiveCfg = Release|Any CPU
		{8E890F3E-06B0-4738-B830-C61682C288F2}.Release|Mixed Platforms.Build.0 = Release|Any CPU
		{8E890F3E-06B0-4738-B830-C61682C288F2}.Release|x86.ActiveCfg = Release|Any CPU
		{9A40BB87-39CC-4862-A8E7-E92DA2878368}.Debug|Any CPU.ActiveCfg = Debug|x86
		{9A40BB87-39CC-4862-A8E7-E92DA2878368}.Debug|Mixed Platforms.ActiveCfg = Debug|x86
		{9A40BB87-39CC-4862-A8E7-E92DA2878368}.Debug|Mixed Platforms.Build.0 = Debug|x86
		{9A40BB87-39CC-4862-A8E7-E92DA2878368}.Debug|x86.ActiveCfg = Debug|x86
		{9A40BB87-39CC-4862-A8E7-E92DA2878368}.Debug|x86.Build.0 = Debug|x86
		{9A40BB87-39CC-4862-A8E7-E92DA2878368}.Release|Any CPU.ActiveCfg = Release|x86
		{9A40BB87-39CC-4862-A8E7-E92DA2878368}.Release|Mixed Platforms.ActiveCfg = Release|x86
		{9A40BB87-39CC-4862-A8E7-E92DA2878368}.Release|Mixed Platforms.Build.0 = Release|x86
		{9A40BB87-39CC-4862-A8E7-E92DA2878368}.Release|x86.ActiveCfg = Release|x86
		{9A40BB87-39CC-4862-A8E7-E92DA2878368}.Release|x86.Build.0 = Release|x86
		{AAA7F880-8583-42FF-B1C2-7645D19F0308}.Debug|Any CPU.ActiveCfg = Debug|x86
		{AAA7F880-8583-42FF-B1C2-7645D19F0308}.Debug|Mixed Platforms.ActiveCfg = Debug|x86
		{AAA7F880-8583-42FF-B1C2-7645D19F0308}.Debug|Mixed Platforms.Build.0 = Debug|x86
		{AAA7F880-8583-42FF-B1C2-7645D19F0308}.Debug|x86.ActiveCfg = Debug|x86
		{AAA7F880-8583-42FF-B1C2-7645D19F0308}.Debug|x86.Build.0 = Debug|x86
		{AAA7F880-8583-42FF-B1C2-7645D19F0308}.Release|Any CPU.ActiveCfg = Release|x86
		{AAA7F880-8583-42FF-B1C2-7645D19F0308}.Release|Mixed Platforms.ActiveCfg = Release|x86
		{AAA7F880-8583-42FF-B1C2-7645D19F0308}.Release|Mixed Platforms.Build.0 = Release|x86
		{AAA7F880-8583-42FF-B1C2-7645D19F0308}.Release|x86.ActiveCfg = Release|x86
		{AAA7F880-8583-42FF-B1C2-7645D19F0308}.Release|x86.Build.0 = Release|x86
		{AB76B213-0B1E-4AF9-A67E-F6CEA4F39A5B}.Debug|Any CPU.ActiveCfg = Debug|Any CPU
		{AB76B213-0B1E-4AF9-A67E-F6CEA4F39A5B}.Debug|Any CPU.Build.0 = Debug|Any CPU
		{AB76B213-0B1E-4AF9-A67E-F6CEA4F39A5B}.Debug|Mixed Platforms.ActiveCfg = Debug|Any CPU
		{AB76B213-0B1E-4AF9-A67E-F6CEA4F39A5B}.Debug|Mixed Platforms.Build.0 = Debug|Any CPU
		{AB76B213-0B1E-4AF9-A67E-F6CEA4F39A5B}.Debug|x86.ActiveCfg = Debug|Any CPU
		{AB76B213-0B1E-4AF9-A67E-F6CEA4F39A5B}.Release|Any CPU.ActiveCfg = Release|Any CPU
		{AB76B213-0B1E-4AF9-A67E-F6CEA4F39A5B}.Release|Any CPU.Build.0 = Release|Any CPU
		{AB76B213-0B1E-4AF9-A67E-F6CEA4F39A5B}.Release|Mixed Platforms.ActiveCfg = Release|Any CPU
		{AB76B213-0B1E-4AF9-A67E-F6CEA4F39A5B}.Release|Mixed Platforms.Build.0 = Release|Any CPU
		{AB76B213-0B1E-4AF9-A67E-F6CEA4F39A5B}.Release|x86.ActiveCfg = Release|Any CPU
		{B0E274C8-2977-42D9-83AE-8E3A32E3FD24}.Debug|Any CPU.ActiveCfg = Debug|Any CPU
		{B0E274C8-2977-42D9-83AE-8E3A32E3FD24}.Debug|Any CPU.Build.0 = Debug|Any CPU
		{B0E274C8-2977-42D9-83AE-8E3A32E3FD24}.Debug|Mixed Platforms.ActiveCfg = Debug|Any CPU
		{B0E274C8-2977-42D9-83AE-8E3A32E3FD24}.Debug|Mixed Platforms.Build.0 = Debug|Any CPU
		{B0E274C8-2977-42D9-83AE-8E3A32E3FD24}.Debug|x86.ActiveCfg = Debug|Any CPU
		{B0E274C8-2977-42D9-83AE-8E3A32E3FD24}.Release|Any CPU.ActiveCfg = Release|Any CPU
		{B0E274C8-2977-42D9-83AE-8E3A32E3FD24}.Release|Any CPU.Build.0 = Release|Any CPU
		{B0E274C8-2977-42D9-83AE-8E3A32E3FD24}.Release|Mixed Platforms.ActiveCfg = Release|Any CPU
		{B0E274C8-2977-42D9-83AE-8E3A32E3FD24}.Release|Mixed Platforms.Build.0 = Release|Any CPU
		{B0E274C8-2977-42D9-83AE-8E3A32E3FD24}.Release|x86.ActiveCfg = Release|Any CPU
	EndGlobalSection
	GlobalSection(NestedProjects) = preSolution
		{40E91E2D-70F3-463D-9E3E-408AE2A70BA8} = {403D5A4E-2ADC-42A9-B957-9C089564F5C4}
		{B0E274C8-2977-42D9-83AE-8E3A32E3FD24} = {403D5A4E-2ADC-42A9-B957-9C089564F5C4}
		{8E890F3E-06B0-4738-B830-C61682C288F2} = {403D5A4E-2ADC-42A9-B957-9C089564F5C4}
	EndGlobalSection
	GlobalSection(MonoDevelopProperties) = preSolution
		StartupItem = MCloud.Console\MCloud.Console.csproj
		Policies = $0
		$0.StandardHeader = $1
		$1.Text = 
		$1.inheritsSet = Apache2License
	EndGlobalSection
	GlobalSection(SolutionProperties) = preSolution
		HideSolutionNode = FALSE
	EndGlobalSection
EndGlobal
